
Microsoft Visual Studio Solution File, Format Version 12.00
# Visual Studio Version 17
VisualStudioVersion = 17.0.31903.59
MinimumVisualStudioVersion = 10.0.40219.1
Project("{FAE04EC0-301F-11D3-BF4B-00C04F79EFBC}") = "Tiesky.Image2D", "src\Tiesky.Image2D\Tiesky.Image2D.csproj", "{8A41FB93-2F6C-4CF9-9A65-696A0ADE0731}"
EndProject
Project("{FAE04EC0-301F-11D3-BF4B-00C04F79EFBC}") = "Tiesky.Image2D.Tests", "tests\Tiesky.Image2D.Tests\Tiesky.Image2D.Tests.csproj", "{DB9A890E-45B7-4EA7-983A-BB19DCB3AA4B}"
EndProject
Project("{FAE04EC0-301F-11D3-BF4B-00C04F79EFBC}") = "Tiesky.Image2D.ReferenceOracle", "tests\Tiesky.Image2D.ReferenceOracle\Tiesky.Image2D.ReferenceOracle.csproj", "{7ED90E6B-EE9C-4A92-A834-1655E1B7AAC7}"
EndProject
Project("{FAE04EC0-301F-11D3-BF4B-00C04F79EFBC}") = "Tiesky.Image2D.Benchmarks", "benchmarks\Tiesky.Image2D.Benchmarks\Tiesky.Image2D.Benchmarks.csproj", "{B4630D02-E611-4DF7-A5A8-45EB1527FDFE}"
EndProject
Project("{FAE04EC0-301F-11D3-BF4B-00C04F79EFBC}") = "Tiesky.Image2D.Examples", "examples\Tiesky.Image2D.Examples\Tiesky.Image2D.Examples.csproj", "{4095322C-41AC-49F8-8CA9-E356954D268B}"
EndProject
Global
	GlobalSection(SolutionConfigurationPlatforms) = preSolution
		Debug|Any CPU = Debug|Any CPU
		Release|Any CPU = Release|Any CPU
	EndGlobalSection
	GlobalSection(ProjectConfigurationPlatforms) = postSolution
		{8A41FB93-2F6C-4CF9-9A65-696A0ADE0731}.Debug|Any CPU.ActiveCfg = Debug|Any CPU
		{8A41FB93-2F6C-4CF9-9A65-696A0ADE0731}.Debug|Any CPU.Build.0 = Debug|Any CPU
		{8A41FB93-2F6C-4CF9-9A65-696A0ADE0731}.Release|Any CPU.ActiveCfg = Release|Any CPU
		{8A41FB93-2F6C-4CF9-9A65-696A0ADE0731}.Release|Any CPU.Build.0 = Release|Any CPU
		{DB9A890E-45B7-4EA7-983A-BB19DCB3AA4B}.Debug|Any CPU.ActiveCfg = Debug|Any CPU
		{DB9A890E-45B7-4EA7-983A-BB19DCB3AA4B}.Debug|Any CPU.Build.0 = Debug|Any CPU
		{DB9A890E-45B7-4EA7-983A-BB19DCB3AA4B}.Release|Any CPU.ActiveCfg = Release|Any CPU
		{DB9A890E-45B7-4EA7-983A-BB19DCB3AA4B}.Release|Any CPU.Build.0 = Release|Any CPU
		{7ED90E6B-EE9C-4A92-A834-1655E1B7AAC7}.Debug|Any CPU.ActiveCfg = Debug|Any CPU
		{7ED90E6B-EE9C-4A92-A834-1655E1B7AAC7}.Debug|Any CPU.Build.0 = Debug|Any CPU
		{7ED90E6B-EE9C-4A92-A834-1655E1B7AAC7}.Release|Any CPU.ActiveCfg = Release|Any CPU
		{7ED90E6B-EE9C-4A92-A834-1655E1B7AAC7}.Release|Any CPU.Build.0 = Release|Any CPU
		{B4630D02-E611-4DF7-A5A8-45EB1527FDFE}.Debug|Any CPU.ActiveCfg = Debug|Any CPU
		{B4630D02-E611-4DF7-A5A8-45EB1527FDFE}.Debug|Any CPU.Build.0 = Debug|Any CPU
		{B4630D02-E611-4DF7-A5A8-45EB1527FDFE}.Release|Any CPU.ActiveCfg = Release|Any CPU
		{B4630D02-E611-4DF7-A5A8-45EB1527FDFE}.Release|Any CPU.Build.0 = Release|Any CPU
		{4095322C-41AC-49F8-8CA9-E356954D268B}.Debug|Any CPU.ActiveCfg = Debug|Any CPU
		{4095322C-41AC-49F8-8CA9-E356954D268B}.Debug|Any CPU.Build.0 = Debug|Any CPU
		{4095322C-41AC-49F8-8CA9-E356954D268B}.Release|Any CPU.ActiveCfg = Release|Any CPU
		{4095322C-41AC-49F8-8CA9-E356954D268B}.Release|Any CPU.Build.0 = Release|Any CPU
	EndGlobalSection
EndGlobal
